{
  "version": "5",
  "specifiers": {
    "jsr:@std/assert@1": "1.0.19",
    "jsr:@std/internal@^1.0.12": "1.0.12",
    "npm:@types/node@^25.3.5": "25.3.5",
    "npm:rolldown@^1.0.0-rc.7": "1.0.0-rc.7"
  },
  "jsr": {
    "@std/assert@1.0.19": {
      "integrity": "eaada96ee120cb980bc47e040f82814d786fe8162ecc53c91d8df60b8755991e",
      "dependencies": [
        "jsr:@std/internal"
      ]
    },
    "@std/internal@1.0.12": {
      "integrity": "972a634fd5bc34b242024402972cd5143eac68d8dffaca5eaa4dba30ce17b027"
    }
  },
  "npm": {
    "@emnapi/core@1.8.1": {
      "integrity": "sha512-AvT9QFpxK0Zd8J0jopedNm+w/2fIzvtPKPjqyw9jwvBaReTTqPBk9Hixaz7KbjimP+QNz605/XnjFcDAL2pqBg==",
      "dependencies": [
        "@emnapi/wasi-threads",
        "tslib"
      ]
    },
    "@emnapi/runtime@1.8.1": {
      "integrity": "sha512-mehfKSMWjjNol8659Z8KxEMrdSJDDot5SXMq00dM8BN4o+CLNXQ0xH2V7EchNHV4RmbZLmmPdEaXZc5H2FXmDg==",
      "dependencies": [
        "tslib"
      ]
    },
    "@emnapi/wasi-threads@1.1.0": {
      "integrity": "sha512-WI0DdZ8xFSbgMjR1sFsKABJ/C5OnRrjT06JXbZKexJGrDuPTzZdDYfFlsgcCXCyf+suG5QU2e/y1Wo2V/OapLQ==",
      "dependencies": [
        "tslib"
      ]
    },
    "@napi-rs/wasm-runtime@1.1.1": {
      "integrity": "sha512-p64ah1M1ld8xjWv3qbvFwHiFVWrq1yFvV4f7w+mzaqiR4IlSgkqhcRdHwsGgomwzBH51sRY4NEowLxnaBjcW/A==",
      "dependencies": [
        "@emnapi/core",
        "@emnapi/runtime",
        "@tybys/wasm-util"
      ]
    },
    "@oxc-project/types@0.115.0": {
      "integrity": "sha512-4n91DKnebUS4yjUHl2g3/b2T+IUdCfmoZGhmwsovZCDaJSs+QkVAM+0AqqTxHSsHfeiMuueT75cZaZcT/m0pSw=="
    },
    "@rolldown/binding-android-arm64@1.0.0-rc.7": {
      "integrity": "sha512-/uadfNUaMLFFBGvcIOiq8NnlhvTZTjOyybJaJnhGxD0n9k5vZRJfTaitH5GHnbwmc6T2PC+ZpS1FQH+vXyS/UA==",
      "os": ["android"],
      "cpu": ["arm64"]
    },
    "@rolldown/binding-darwin-arm64@1.0.0-rc.7": {
      "integrity": "sha512-zokYr1KgRn0hRA89dmgtPj/BmKp9DxgrfAJvOEFfXa8nfYWW2nmgiYIBGpSIAJrEg7Qc/Qznovy6xYwmKh0M8g==",
      "os": ["darwin"],
      "cpu": ["arm64"]
    },
    "@rolldown/binding-darwin-x64@1.0.0-rc.7": {
      "integrity": "sha512-eZFjbmrapCBVgMmuLALH3pmQQQStHFuRhsFceJHk6KISW8CkI2e9OPLp9V4qXksrySQcD8XM8fpvGLs5l5C7LQ==",
      "os": ["darwin"],
      "cpu": ["x64"]
    },
    "@rolldown/binding-freebsd-x64@1.0.0-rc.7": {
      "integrity": "sha512-xjMrh8Dmu2DNwdY6DZsrF6YPGeesc3PaTlkh8v9cqmkSCNeTxnhX3ErhVnuv1j3n8t2IuuhQIwM9eZDINNEt5Q==",
      "os": ["freebsd"],
      "cpu": ["x64"]
    },
    "@rolldown/binding-linux-arm-gnueabihf@1.0.0-rc.7": {
      "integrity": "sha512-mOvftrHiXg4/xFdxJY3T9Wl1/zDAOSlMN8z9an2bXsCwuvv3RdyhYbSMZDuDO52S04w9z7+cBd90lvQSPTAQtw==",
      "os": ["linux"],
      "cpu": ["arm"]
    },
    "@rolldown/binding-linux-arm64-gnu@1.0.0-rc.7": {
      "integrity": "sha512-TuUkeuEEPRyXMBbJ86NRhAiPNezxHW8merl3Om2HASA9Pl1rI+VZcTtsVQ6v/P0MDIFpSl0k0+tUUze9HIXyEw==",
      "os": ["linux"],
      "cpu": ["arm64"]
    },
    "@rolldown/binding-linux-arm64-musl@1.0.0-rc.7": {
      "integrity": "sha512-G43ZElEvaby+YSOgrXfBgpeQv42LdS0ivFFYQufk2tBDWeBfzE/+ob5DmO8Izbyn4Y8k6GgLF11jFDYNnmU/3w==",
      "os": ["linux"],
      "cpu": ["arm64"]
    },
    "@rolldown/binding-linux-ppc64-gnu@1.0.0-rc.7": {
      "integrity": "sha512-Y48ShVxGE2zUTt0A0PR3grCLNxW4DWtAfe5lxf6L3uYEQujwo/LGuRogMsAtOJeYLCPTJo2i714LOdnK34cHpw==",
      "os": ["linux"],
      "cpu": ["ppc64"]
    },
    "@rolldown/binding-linux-s390x-gnu@1.0.0-rc.7": {
      "integrity": "sha512-KU5DUYvX3qI8/TX6D3RA4awXi4Ge/1+M6Jqv7kRiUndpqoVGgD765xhV3Q6QvtABnYjLJenrWDl3S1B5U56ixA==",
      "os": ["linux"],
      "cpu": ["s390x"]
    },
    "@rolldown/binding-linux-x64-gnu@1.0.0-rc.7": {
      "integrity": "sha512-1THb6FdBkAEL12zvUue2bmK4W1+P+tz8Pgu5uEzq+xrtYa3iBzmmKNlyfUzCFNCqsPd8WJEQrYdLcw4iMW4AVw==",
      "os": ["linux"],
      "cpu": ["x64"]
    },
    "@rolldown/binding-linux-x64-musl@1.0.0-rc.7": {
      "integrity": "sha512-12o73atFNWDgYnLyA52QEUn9AH8pHIe12W28cmqjyHt4bIEYRzMICvYVCPa2IQm6DJBvCBrEhD9K+ct4wr2hwg==",
      "os": ["linux"],
      "cpu": ["x64"]
    },
    "@rolldown/binding-openharmony-arm64@1.0.0-rc.7": {
      "integrity": "sha512-+uUgGwvuUCXl894MTsmTS2J0BnCZccFsmzV7y1jFxW5pTSxkuwL5agyPuDvDOztPeS6RrdqWkn7sT0jRd0ECkg==",
      "os": ["openharmony"],
      "cpu": ["arm64"]
    },
    "@rolldown/binding-wasm32-wasi@1.0.0-rc.7": {
      "integrity": "sha512-53p2L/NSy21UiFOqUGlC11kJDZS2Nx2GJRz1QvbkXovypA3cOHbsyZHLkV72JsLSbiEQe+kg4tndUhSiC31UEA==",
      "dependencies": [
        "@napi-rs/wasm-runtime"
      ],
      "cpu": ["wasm32"]
    },
    "@rolldown/binding-win32-arm64-msvc@1.0.0-rc.7": {
      "integrity": "sha512-K6svNRljO6QrL6VTKxwh4yThhlR9DT/tK0XpaFQMnJwwQKng+NYcVEtUkAM0WsoiZHw+Hnh3DGnn3taf/pNYGg==",
      "os": ["win32"],
      "cpu": ["arm64"]
    },
    "@rolldown/binding-win32-x64-msvc@1.0.0-rc.7": {
      "integrity": "sha512-3ZJBT47VWLKVKIyvHhUSUgVwHzzZW761YAIkM3tOT+8ZTjFVp0acCM0Y2Z2j3jCl+XYi2d9y2uEWQ8H0PvvpPw==",
      "os": ["win32"],
      "cpu": ["x64"]
    },
    "@rolldown/pluginutils@1.0.0-rc.7": {
      "integrity": "sha512-qujRfC8sFVInYSPPMLQByRh7zhwkGFS4+tyMQ83srV1qrxL4g8E2tyxVVyxd0+8QeBM1mIk9KbWxkegRr76XzA=="
    },
    "@tybys/wasm-util@0.10.1": {
      "integrity": "sha512-9tTaPJLSiejZKx+Bmog4uSubteqTvFrVrURwkmHixBo0G4seD0zUxp98E1DzUBJxLQ3NPwXrGKDiVjwx/DpPsg==",
      "dependencies": [
        "tslib"
      ]
    },
    "@types/node@25.3.5": {
      "integrity": "sha512-oX8xrhvpiyRCQkG1MFchB09f+cXftgIXb3a7UUa4Y3wpmZPw5tyZGTLWhlESOLq1Rq6oDlc8npVU2/9xiCuXMA==",
      "dependencies": [
        "undici-types"
      ]
    },
    "rolldown@1.0.0-rc.7": {
      "integrity": "sha512-5X0zEeQFzDpB3MqUWQZyO2TUQqP9VnT7CqXHF2laTFRy487+b6QZyotCazOySAuZLAvplCaOVsg1tVn/Zlmwfg==",
      "dependencies": [
        "@oxc-project/types",
        "@rolldown/pluginutils"
      ],
      "optionalDependencies": [
        "@rolldown/binding-android-arm64",
        "@rolldown/binding-darwin-arm64",
        "@rolldown/binding-darwin-x64",
        "@rolldown/binding-freebsd-x64",
        "@rolldown/binding-linux-arm-gnueabihf",
        "@rolldown/binding-linux-arm64-gnu",
        "@rolldown/binding-linux-arm64-musl",
        "@rolldown/binding-linux-ppc64-gnu",
        "@rolldown/binding-linux-s390x-gnu",
        "@rolldown/binding-linux-x64-gnu",
        "@rolldown/binding-linux-x64-musl",
        "@rolldown/binding-openharmony-arm64",
        "@rolldown/binding-wasm32-wasi",
        "@rolldown/binding-win32-arm64-msvc",
        "@rolldown/binding-win32-x64-msvc"
      ],
      "bin": true
    },
    "tslib@2.8.1": {
      "integrity": "sha512-oJFu94HQb+KVduSUQL7wnpmqnfmLsOA/nAh6b6EH0wCEoK0/mPeXU6c3wKDV83MkOuHPRHtSXKKU99IBazS/2w=="
    },
    "undici-types@7.18.2": {
      "integrity": "sha512-AsuCzffGHJybSaRrmr5eHr81mwJU3kjw6M+uprWvCXiNeN9SOGwQ3Jn8jb8m3Z6izVgknn1R0FTCEAP2QrLY/w=="
    }
  },
  "workspace": {
    "dependencies": [
      "jsr:@std/assert@1",
      "npm:@types/node@^25.3.5",
      "npm:rolldown@^1.0.0-rc.7"
    ]
  }
}
